
Microsoft Visual Studio Solution File, Format Version 12.00
# Visual Studio 2015
Project("{FAE04EC0-301F-11D3-BF4B-00C04F79EFBC}") = "HundirLaFlota3D.Plugins", "HundirLaFlota3D.Plugins.csproj", "{AB23B628-9A59-EDE2-43B8-4F4983493840}"
EndProject
Project("{FAE04EC0-301F-11D3-BF4B-00C04F79EFBC}") = "HundirLaFlota3D", "HundirLaFlota3D.csproj", "{C393CCDC-9672-39F8-7F1C-7D9FC0B5AEA8}"
EndProject
Project("{FAE04EC0-301F-11D3-BF4B-00C04F79EFBC}") = "HundirLaFlota3D.Editor.Plugins", "HundirLaFlota3D.Editor.Plugins.csproj", "{A0247C8E-F963-F306-1BDE-22C70F2EA106}"
EndProject
Global
	GlobalSection(SolutionConfigurationPlatforms) = preSolution
		Debug|Any CPU = Debug|Any CPU
		Release|Any CPU = Release|Any CPU
	EndGlobalSection
	GlobalSection(ProjectConfigurationPlatforms) = postSolution
		{AB23B628-9A59-EDE2-43B8-4F4983493840}.Debug|Any CPU.ActiveCfg = Debug|Any CPU
		{AB23B628-9A59-EDE2-43B8-4F4983493840}.Debug|Any CPU.Build.0 = Debug|Any CPU
		{AB23B628-9A59-EDE2-43B8-4F4983493840}.Release|Any CPU.ActiveCfg = Release|Any CPU
		{AB23B628-9A59-EDE2-43B8-4F4983493840}.Release|Any CPU.Build.0 = Release|Any CPU
		{C393CCDC-9672-39F8-7F1C-7D9FC0B5AEA8}.Debug|Any CPU.ActiveCfg = Debug|Any CPU
		{C393CCDC-9672-39F8-7F1C-7D9FC0B5AEA8}.Debug|Any CPU.Build.0 = Debug|Any CPU
		{C393CCDC-9672-39F8-7F1C-7D9FC0B5AEA8}.Release|Any CPU.ActiveCfg = Release|Any CPU
		{C393CCDC-9672-39F8-7F1C-7D9FC0B5AEA8}.Release|Any CPU.Build.0 = Release|Any CPU
		{A0247C8E-F963-F306-1BDE-22C70F2EA106}.Debug|Any CPU.ActiveCfg = Debug|Any CPU
		{A0247C8E-F963-F306-1BDE-22C70F2EA106}.Debug|Any CPU.Build.0 = Debug|Any CPU
		{A0247C8E-F963-F306-1BDE-22C70F2EA106}.Release|Any CPU.ActiveCfg = Release|Any CPU
		{A0247C8E-F963-F306-1BDE-22C70F2EA106}.Release|Any CPU.Build.0 = Release|Any CPU
	EndGlobalSection
	GlobalSection(SolutionProperties) = preSolution
		HideSolutionNode = FALSE
	EndGlobalSection
EndGlobal
